
Microsoft Visual Studio Solution File, Format Version 12.00
# Visual Studio Version 17
VisualStudioVersion = 17.8.34525.116
MinimumVisualStudioVersion = 10.0.40219.1
Project("{FAE04EC0-301F-11D3-BF4B-00C04F79EFBC}") = "NotesApp", "NotesApp\NotesApp.csproj", "{BEC67E91-6E7D-4CC5-9EA9-9C14F8A97008}"
EndProject
Global
	GlobalSection(SolutionConfigurationPlatforms) = preSolution
		Debug|Any CPU = Debug|Any CPU
		Release|Any CPU = Release|Any CPU
	EndGlobalSection
	GlobalSection(ProjectConfigurationPlatforms) = postSolution
		{BEC67E91-6E7D-4CC5-9EA9-9C14F8A97008}.Debug|Any CPU.ActiveCfg = Debug|Any CPU
		{BEC67E91-6E7D-4CC5-9EA9-9C14F8A97008}.Debug|Any CPU.Build.0 = Debug|Any CPU
		{BEC67E91-6E7D-4CC5-9EA9-9C14F8A97008}.Release|Any CPU.ActiveCfg = Release|Any CPU
		{BEC67E91-6E7D-4CC5-9EA9-9C14F8A97008}.Release|Any CPU.Build.0 = Release|Any CPU
	EndGlobalSection
	GlobalSection(SolutionProperties) = preSolution
		HideSolutionNode = FALSE
	EndGlobalSection
	GlobalSection(ExtensibilityGlobals) = postSolution
		SolutionGuid = {597E3454-6DD8-4A0E-BA0B-A1B907A322CC}
	EndGlobalSection
EndGlobal
